
Microsoft Visual Studio Solution File, Format Version 12.00
# Visual Studio Version 16
VisualStudioVersion = 16.0.30717.126
MinimumVisualStudioVersion = 10.0.40219.1
Project("{FAE04EC0-301F-11D3-BF4B-00C04F79EFBC}") = "LoginRegistrationDisplay", "LoginRegistrationDisplay.csproj", "{6E1BA190-59E3-4D31-803B-3A25C1CC338A}"
EndProject
Global
	GlobalSection(SolutionConfigurationPlatforms) = preSolution
		Debug|Any CPU = Debug|Any CPU
		Release|Any CPU = Release|Any CPU
	EndGlobalSection
	GlobalSection(ProjectConfigurationPlatforms) = postSolution
		{6E1BA190-59E3-4D31-803B-3A25C1CC338A}.Debug|Any CPU.ActiveCfg = Debug|Any CPU
		{6E1BA190-59E3-4D31-803B-3A25C1CC338A}.Debug|Any CPU.Build.0 = Debug|Any CPU
		{6E1BA190-59E3-4D31-803B-3A25C1CC338A}.Release|Any CPU.ActiveCfg = Release|Any CPU
		{6E1BA190-59E3-4D31-803B-3A25C1CC338A}.Release|Any CPU.Build.0 = Release|Any CPU
	EndGlobalSection
	GlobalSection(SolutionProperties) = preSolution
		HideSolutionNode = FALSE
	EndGlobalSection
	GlobalSection(ExtensibilityGlobals) = postSolution
		SolutionGuid = {DCB1AA04-1B1B-495B-B902-49E84DEC819E}
	EndGlobalSection
EndGlobal
